
Microsoft Visual Studio Solution File, Format Version 12.00
# Visual Studio 15
VisualStudioVersion = 15.0.28307.1062
MinimumVisualStudioVersion = 10.0.40219.1
Project("{FAE04EC0-301F-11D3-BF4B-00C04F79EFBC}") = "Model", "Model\Model.csproj", "{D7EEE919-B8F8-4C05-B21C-B433C4FE1CDB}"
EndProject
Project("{FAE04EC0-301F-11D3-BF4B-00C04F79EFBC}") = "UnitTests", "UnitTests\UnitTests.csproj", "{385DD49F-4A89-43EC-8BCD-0E030BCBF8F2}"
EndProject
Project("{FAE04EC0-301F-11D3-BF4B-00C04F79EFBC}") = "GUI", "FleetView\GUI.csproj", "{0B084C39-811A-4055-A600-B75A8F8F0F37}"
EndProject
Project("{FAE04EC0-301F-11D3-BF4B-00C04F79EFBC}") = "Testing.cs", "Testing.cs\Testing.cs.csproj", "{41468D09-89D7-4D10-B976-9E5E6AADB14E}"
EndProject
Global
	GlobalSection(SolutionConfigurationPlatforms) = preSolution
		Debug|Any CPU = Debug|Any CPU
		Release|Any CPU = Release|Any CPU
	EndGlobalSection
	GlobalSection(ProjectConfigurationPlatforms) = postSolution
		{D7EEE919-B8F8-4C05-B21C-B433C4FE1CDB}.Debug|Any CPU.ActiveCfg = Debug|Any CPU
		{D7EEE919-B8F8-4C05-B21C-B433C4FE1CDB}.Debug|Any CPU.Build.0 = Debug|Any CPU
		{D7EEE919-B8F8-4C05-B21C-B433C4FE1CDB}.Release|Any CPU.ActiveCfg = Release|Any CPU
		{D7EEE919-B8F8-4C05-B21C-B433C4FE1CDB}.Release|Any CPU.Build.0 = Release|Any CPU
		{385DD49F-4A89-43EC-8BCD-0E030BCBF8F2}.Debug|Any CPU.ActiveCfg = Debug|Any CPU
		{385DD49F-4A89-43EC-8BCD-0E030BCBF8F2}.Debug|Any CPU.Build.0 = Debug|Any CPU
		{385DD49F-4A89-43EC-8BCD-0E030BCBF8F2}.Release|Any CPU.ActiveCfg = Release|Any CPU
		{385DD49F-4A89-43EC-8BCD-0E030BCBF8F2}.Release|Any CPU.Build.0 = Release|Any CPU
		{0B084C39-811A-4055-A600-B75A8F8F0F37}.Debug|Any CPU.ActiveCfg = Debug|Any CPU
		{0B084C39-811A-4055-A600-B75A8F8F0F37}.Debug|Any CPU.Build.0 = Debug|Any CPU
		{0B084C39-811A-4055-A600-B75A8F8F0F37}.Release|Any CPU.ActiveCfg = Release|Any CPU
		{0B084C39-811A-4055-A600-B75A8F8F0F37}.Release|Any CPU.Build.0 = Release|Any CPU
		{41468D09-89D7-4D10-B976-9E5E6AADB14E}.Debug|Any CPU.ActiveCfg = Debug|Any CPU
		{41468D09-89D7-4D10-B976-9E5E6AADB14E}.Debug|Any CPU.Build.0 = Debug|Any CPU
		{41468D09-89D7-4D10-B976-9E5E6AADB14E}.Release|Any CPU.ActiveCfg = Release|Any CPU
		{41468D09-89D7-4D10-B976-9E5E6AADB14E}.Release|Any CPU.Build.0 = Release|Any CPU
	EndGlobalSection
	GlobalSection(SolutionProperties) = preSolution
		HideSolutionNode = FALSE
	EndGlobalSection
	GlobalSection(ExtensibilityGlobals) = postSolution
		SolutionGuid = {3F24A1A8-B4B3-473F-BDF2-530FDB9D4779}
	EndGlobalSection
EndGlobal
